
Microsoft Visual Studio Solution File, Format Version 12.00
# Visual Studio 15
VisualStudioVersion = 15.0.28307.572
MinimumVisualStudioVersion = 10.0.40219.1
Project("{FAE04EC0-301F-11D3-BF4B-00C04F79EFBC}") = "PGTManagement", "PGTManagement\PGTManagement.csproj", "{F619B3F1-D90A-4748-AFD5-D18F02B18B8A}"
EndProject
Global
	GlobalSection(SolutionConfigurationPlatforms) = preSolution
		Debug|Any CPU = Debug|Any CPU
		Release|Any CPU = Release|Any CPU
	EndGlobalSection
	GlobalSection(ProjectConfigurationPlatforms) = postSolution
		{F619B3F1-D90A-4748-AFD5-D18F02B18B8A}.Debug|Any CPU.ActiveCfg = Debug|Any CPU
		{F619B3F1-D90A-4748-AFD5-D18F02B18B8A}.Debug|Any CPU.Build.0 = Debug|Any CPU
		{F619B3F1-D90A-4748-AFD5-D18F02B18B8A}.Release|Any CPU.ActiveCfg = Release|Any CPU
		{F619B3F1-D90A-4748-AFD5-D18F02B18B8A}.Release|Any CPU.Build.0 = Release|Any CPU
	EndGlobalSection
	GlobalSection(SolutionProperties) = preSolution
		HideSolutionNode = FALSE
	EndGlobalSection
	GlobalSection(ExtensibilityGlobals) = postSolution
		SolutionGuid = {05E87067-1A22-49B1-BEAD-82974866D60E}
	EndGlobalSection
EndGlobal
